{
  "nodes": {
    "brew-src": {
      "flake": false,
      "locked": {
        "lastModified": 1790093390,
        "narHash": "sha256-7QXpJq+rIFNIzf02LSTxjAYTNlZPm7qEICJSghJ6/pY=",
        "owner": "Homebrew",
        "repo": "brew",
        "rev": "3f12c3ee9d2385a84250c218bcefcda97b3734fd",
        "type": "github"
      },
      "original": {
        "owner": "Homebrew",
        "repo": "brew",
        "type": "github"
      }
    },
    "catppuccin": {
      "inputs": {
        "nixpkgs": "nixpkgs"
      },
      "locked": {
        "lastModified": 1789553013,
        "narHash": "sha256-W5dvgFOuVs24X3G5tUb8C2IHU7ICXNvyGPiWWFjfbuo=",
        "owner": "catppuccin",
        "repo": "nix",
        "rev": "89b3eacf59d6b5eefbc2d69c3a4eb5aaf66d63bc",
        "type": "github"
      },
      "original": {
        "owner": "catppuccin",
        "repo": "nix",
        "type": "github"
      }
    },
    "claude-code": {
      "inputs": {
        "nixpkgs": [
          "nixpkgs"
        ],
        "systems": "systems"
      },
      "locked": {
        "lastModified": 1790096491,
        "narHash": "sha256-zeY26igEw0G1GnVe1fA8pa/+q7mxanzCUV91GUTedzk=",
        "owner": "sadjow",
        "repo": "claude-code-nix",
        "rev": "7e5f1c52ca206b2a3a535ec0e8f89bd1ae5f1afa",
        "type": "github"
      },
      "original": {
        "owner": "sadjow",
        "repo": "claude-code-nix",
        "type": "github"
      }
    },
    "claude-code-overlay": {
      "inputs": {
        "flake-parts": "flake-parts",
        "nixpkgs": "nixpkgs_2"
      },
      "locked": {
        "lastModified": 1790100189,
        "narHash": "sha256-IqhlY9UqkI7K1lA4CWe9DAvkpaG/GDjbJq0qZScMEkw=",
        "owner": "nklmilojevic",
        "repo": "claude-code-overlay",
        "rev": "91b64e13ef84797e9f7f8bb2f6182666ee21989a",
        "type": "github"
      },
      "original": {
        "owner": "nklmilojevic",
        "repo": "claude-code-overlay",
        "type": "github"
      }
    },
    "darwin": {
      "inputs": {
        "nixpkgs": [
          "nixpkgs"
        ]
      },
      "locked": {
        "lastModified": 1786845137,
        "narHash": "sha256-oQFip+v0luP8NIxJzmiW4Wu8bILsbFWom5l0zonl8hQ=",
        "owner": "lnl7",
        "repo": "nix-darwin",
        "rev": "4cff07de74b50e64bdd68cd4e722ab5b6b35ee48",
        "type": "github"
      },
      "original": {
        "owner": "lnl7",
        "repo": "nix-darwin",
        "type": "github"
      }
    },
    "ddev": {
      "flake": false,
      "locked": {
        "lastModified": 1790129271,
        "narHash": "sha256-TwmfisjAoCe774kw6onABzh8RcogOl2LF9TQal0oKtE=",
        "owner": "ddev",
        "repo": "ddev",
        "rev": "a75ec190739c14de91210e2cbd8f6d18295ea349",
        "type": "github"
      },
      "original": {
        "owner": "ddev",
        "repo": "ddev",
        "type": "github"
      }
    },
    "flake-parts": {
      "inputs": {
        "nixpkgs-lib": "nixpkgs-lib"
      },
      "locked": {
        "lastModified": 1765835352,
        "narHash": "sha256-XswHlK/Qtjasvhd1nOa1e8MgZ8GS//jBoTqWtrS1Giw=",
        "owner": "hercules-ci",
        "repo": "flake-parts",
        "rev": "a34fae9c08a15ad73f295041fec82323541400a9",
        "type": "github"
      },
      "original": {
        "owner": "hercules-ci",
        "repo": "flake-parts",
        "type": "github"
      }
    },
    "flake-parts_2": {
      "inputs": {
        "nixpkgs-lib": "nixpkgs-lib_2"
      },
      "locked": {
        "lastModified": 1782949081,
        "narHash": "sha256-vp6Y/Grm98ESt6ceOkWiHWyZRDV3J1RID4w+6NWK9yA=",
        "owner": "hercules-ci",
        "repo": "flake-parts",
        "rev": "17c9d6cdfc60c64f4ee8d306f9bc0b4ccb51481e",
        "type": "github"
      },
      "original": {
        "owner": "hercules-ci",
        "repo": "flake-parts",
        "type": "github"
      }
    },
    "flake-parts_3": {
      "inputs": {
        "nixpkgs-lib": "nixpkgs-lib_3"
      },
      "locked": {
        "lastModified": 1765835352,
        "narHash": "sha256-XswHlK/Qtjasvhd1nOa1e8MgZ8GS//jBoTqWtrS1Giw=",
        "owner": "hercules-ci",
        "repo": "flake-parts",
        "rev": "a34fae9c08a15ad73f295041fec82323541400a9",
        "type": "github"
      },
      "original": {
        "owner": "hercules-ci",
        "repo": "flake-parts",
        "type": "github"
      }
    },
    "flake-utils": {
      "inputs": {
        "systems": "systems_2"
      },
      "locked": {
        "lastModified": 1731533236,
        "narHash": "sha256-l0KFg5HjrsfsO/JpG+r7fRrqm12kzFHyUHqHCVpMMbI=",
        "owner": "numtide",
        "repo": "flake-utils",
        "rev": "11707dc2f618dd54ca8739b309ec4fc024de578b",
        "type": "github"
      },
      "original": {
        "owner": "numtide",
        "repo": "flake-utils",
        "type": "github"
      }
    },
    "flake-utils_2": {
      "inputs": {
        "systems": "systems_3"
      },
      "locked": {
        "lastModified": 1731533236,
        "narHash": "sha256-l0KFg5HjrsfsO/JpG+r7fRrqm12kzFHyUHqHCVpMMbI=",
        "owner": "numtide",
        "repo": "flake-utils",
        "rev": "11707dc2f618dd54ca8739b309ec4fc024de578b",
        "type": "github"
      },
      "original": {
        "owner": "numtide",
        "repo": "flake-utils",
        "type": "github"
      }
    },
    "flake-utils_3": {
      "inputs": {
        "systems": "systems_4"
      },
      "locked": {
        "lastModified": 1731533236,
        "narHash": "sha256-l0KFg5HjrsfsO/JpG+r7fRrqm12kzFHyUHqHCVpMMbI=",
        "owner": "numtide",
        "repo": "flake-utils",
        "rev": "11707dc2f618dd54ca8739b309ec4fc024de578b",
        "type": "github"
      },
      "original": {
        "owner": "numtide",
        "repo": "flake-utils",
        "type": "github"
      }
    },
    "flake-utils_4": {
      "inputs": {
        "systems": "systems_5"
      },
      "locked": {
        "lastModified": 1731533236,
        "narHash": "sha256-l0KFg5HjrsfsO/JpG+r7fRrqm12kzFHyUHqHCVpMMbI=",
        "owner": "numtide",
        "repo": "flake-utils",
        "rev": "11707dc2f618dd54ca8739b309ec4fc024de578b",
        "type": "github"
      },
      "original": {
        "owner": "numtide",
        "repo": "flake-utils",
        "type": "github"
      }
    },
    "hetzner_k3s": {
      "flake": false,
      "locked": {
        "lastModified": 1782305862,
        "narHash": "sha256-M+eLSFdhKKK4johM1nzSP+qcyDqEEoxvlEtO6g3c1/I=",
        "owner": "vitobotta",
        "repo": "homebrew-tap",
        "rev": "1c049d779c259b30ffb5a1465daa3fa513e03d9e",
        "type": "github"
      },
      "original": {
        "owner": "vitobotta",
        "repo": "homebrew-tap",
        "type": "github"
      }
    },
    "home-manager": {
      "inputs": {
        "nixpkgs": [
          "nixpkgs"
        ]
      },
      "locked": {
        "lastModified": 1790128814,
        "narHash": "sha256-6Gm9q+wW3E4Ey4F6wEbJAwaMsEK6hvCYfTW7yY64ZfA=",
        "owner": "nix-community",
        "repo": "home-manager",
        "rev": "0b2f1129177f70c5f0f5d88bb53c49ca47d0bfc0",
        "type": "github"
      },
      "original": {
        "owner": "nix-community",
        "repo": "home-manager",
        "type": "github"
      }
    },
    "home-manager_2": {
      "inputs": {
        "nixpkgs": [
          "sofka",
          "nixpkgs"
        ]
      },
      "locked": {
        "lastModified": 1789267039,
        "narHash": "sha256-LWiBv9yAYFi2LPbUhDGHPGKYskJQjj2fw12OlyO1uQo=",
        "owner": "nix-community",
        "repo": "home-manager",
        "rev": "ec172013fa62135f58fb58dd17ae9651e8f39727",
        "type": "github"
      },
      "original": {
        "owner": "nix-community",
        "ref": "release-26.05",
        "repo": "home-manager",
        "type": "github"
      }
    },
    "homebrew-bundle": {
      "flake": false,
      "locked": {
        "lastModified": 1745335228,
        "narHash": "sha256-TIKR2UgtyUmHLNZp255/vLs+1I10hXe+sciMEbAGFwE=",
        "owner": "homebrew",
        "repo": "homebrew-bundle",
        "rev": "a3265c84b232e13048ecbf6fc18a2eedfadbeb08",
        "type": "github"
      },
      "original": {
        "owner": "homebrew",
        "repo": "homebrew-bundle",
        "type": "github"
      }
    },
    "homebrew-cask": {
      "flake": false,
      "locked": {
        "lastModified": 1790151976,
        "narHash": "sha256-OZD3MY8aExaK8yowtLrfJy2+BBssPs/IuB05gD6/yzA=",
        "owner": "homebrew",
        "repo": "homebrew-cask",
        "rev": "1154a010b8c0aeb2af51943b668e1a20ed9d1927",
        "type": "github"
      },
      "original": {
        "owner": "homebrew",
        "repo": "homebrew-cask",
        "type": "github"
      }
    },
    "homebrew-core": {
      "flake": false,
      "locked": {
        "lastModified": 1790153250,
        "narHash": "sha256-apyM+MVduqxnBHkMDbRezEuVzSh1q9ZDdXRB99wB4RQ=",
        "owner": "homebrew",
        "repo": "homebrew-core",
        "rev": "90fe932c83bd4051e2fb417159a885a8943d2bf9",
        "type": "github"
      },
      "original": {
        "owner": "homebrew",
        "repo": "homebrew-core",
        "type": "github"
      }
    },
    "krewfile": {
      "inputs": {
        "flake-utils": "flake-utils_2",
        "nixpkgs": [
          "nixpkgs"
        ]
      },
      "locked": {
        "lastModified": 1767002854,
        "narHash": "sha256-4PE60B0aZQyT1MCf6fCLwI6uAk3vYpjuR6I/3XZsy6o=",
        "owner": "brumhard",
        "repo": "krewfile",
        "rev": "dc1e6ebe5c5d4b81cfd6239f8451d5e8090bc6f9",
        "type": "github"
      },
      "original": {
        "owner": "brumhard",
        "repo": "krewfile",
        "type": "github"
      }
    },
    "mailerlite": {
      "inputs": {
        "claude-code-overlay": "claude-code-overlay",
        "mailerlite-cli": "mailerlite-cli",
        "mailersend-cli": "mailersend-cli",
        "nixpkgs": [
          "nixpkgs"
        ],
        "nixpkgs-stable": [
          "nixpkgs-stable"
        ]
      },
      "locked": {
        "narHash": "sha256-gdaW5ViIvifJmfhz7zl/S5uB4PXIbFCoidEgNgITNiQ=",
        "path": "/Users/igor/.config/mailerlite/nix-config",
        "type": "path"
      },
      "original": {
        "path": "/Users/igor/.config/mailerlite/nix-config",
        "type": "path"
      }
    },
    "mailerlite-cli": {
      "inputs": {
        "flake-utils": "flake-utils_3",
        "nixpkgs": "nixpkgs_3"
      },
      "locked": {
        "lastModified": 1787050399,
        "narHash": "sha256-ioC6VIZ5ULOV/7hcaOEckSzTzWGrSRFh4Jdqf2NXKCc=",
        "owner": "mailerlite",
        "repo": "mailerlite-cli",
        "rev": "712e0b84825f0f7a21e5813dd264651d428bd318",
        "type": "github"
      },
      "original": {
        "owner": "mailerlite",
        "repo": "mailerlite-cli",
        "type": "github"
      }
    },
    "mailersend-cli": {
      "inputs": {
        "flake-utils": "flake-utils_4",
        "nixpkgs": "nixpkgs_4"
      },
      "locked": {
        "lastModified": 1790001521,
        "narHash": "sha256-UrdoHLiTcM8s9K2MJ329nY/8yVCF+LC9h+mFxpiVC2s=",
        "owner": "mailersend",
        "repo": "mailersend-cli",
        "rev": "f68efc5f08097c02f03525d9ec977c4277243264",
        "type": "github"
      },
      "original": {
        "owner": "mailersend",
        "repo": "mailersend-cli",
        "type": "github"
      }
    },
    "nix-homebrew": {
      "inputs": {
        "brew-src": [
          "brew-src"
        ]
      },
      "locked": {
        "lastModified": 1789928041,
        "narHash": "sha256-iV37ieTcE4ZLOYEe0VznW6dWMBe4lEL8AbK1vblyZGM=",
        "owner": "zhaofengli",
        "repo": "nix-homebrew",
        "rev": "c11cccfdd36dd69b5323d70d354b2853379c2426",
        "type": "github"
      },
      "original": {
        "owner": "zhaofengli",
        "repo": "nix-homebrew",
        "type": "github"
      }
    },
    "nixpkgs": {
      "locked": {
        "lastModified": 1789044656,
        "narHash": "sha256-sDGcZgdRVR58ceKz0RmkBtdUomBvu5vzbf6Aw5rUCo0=",
        "rev": "1927682e0d808b4a695910f76562b11e2ddecab4",
        "type": "tarball",
        "url": "https://releases.nixos.org/nixpkgs/nixpkgs-26.11pre1070934.1927682e0d80/nixexprs.tar.xz"
      },
      "original": {
        "type": "tarball",
        "url": "https://channels.nixos.org/nixpkgs-unstable/nixexprs.tar.xz"
      }
    },
    "nixpkgs-lib": {
      "locked": {
        "lastModified": 1765674936,
        "narHash": "sha256-k00uTP4JNfmejrCLJOwdObYC9jHRrr/5M/a/8L2EIdo=",
        "owner": "nix-community",
        "repo": "nixpkgs.lib",
        "rev": "2075416fcb47225d9b68ac469a5c4801a9c4dd85",
        "type": "github"
      },
      "original": {
        "owner": "nix-community",
        "repo": "nixpkgs.lib",
        "type": "github"
      }
    },
    "nixpkgs-lib_2": {
      "locked": {
        "lastModified": 1782614948,
        "narHash": "sha256-ePjCwr1sNm9NYUqywL7QfK3JnlS015msC+eBu2zKlp8=",
        "owner": "nix-community",
        "repo": "nixpkgs.lib",
        "rev": "db3f255737b94216eb71cce308e2912cf6bc2d7c",
        "type": "github"
      },
      "original": {
        "owner": "nix-community",
        "repo": "nixpkgs.lib",
        "type": "github"
      }
    },
    "nixpkgs-lib_3": {
      "locked": {
        "lastModified": 1765674936,
        "narHash": "sha256-k00uTP4JNfmejrCLJOwdObYC9jHRrr/5M/a/8L2EIdo=",
        "owner": "nix-community",
        "repo": "nixpkgs.lib",
        "rev": "2075416fcb47225d9b68ac469a5c4801a9c4dd85",
        "type": "github"
      },
      "original": {
        "owner": "nix-community",
        "repo": "nixpkgs.lib",
        "type": "github"
      }
    },
    "nixpkgs-stable": {
      "locked": {
        "lastModified": 1768649915,
        "narHash": "sha256-jc21hKogFnxU7KXSVTRmxC7u5D4RHwm9BAvDf5/Z1Uo=",
        "owner": "NixOS",
        "repo": "nixpkgs",
        "rev": "3e3f3c7f9977dc123c23ee21e8085ed63daf8c37",
        "type": "github"
      },
      "original": {
        "owner": "NixOS",
        "ref": "nixpkgs-25.05-darwin",
        "repo": "nixpkgs",
        "type": "github"
      }
    },
    "nixpkgs_2": {
      "locked": {
        "lastModified": 1763835633,
        "narHash": "sha256-HzxeGVID5MChuCPESuC0dlQL1/scDKu+MmzoVBJxulM=",
        "owner": "NixOS",
        "repo": "nixpkgs",
        "rev": "050e09e091117c3d7328c7b2b7b577492c43c134",
        "type": "github"
      },
      "original": {
        "owner": "NixOS",
        "ref": "nixos-unstable",
        "repo": "nixpkgs",
        "type": "github"
      }
    },
    "nixpkgs_3": {
      "locked": {
        "lastModified": 1771008912,
        "narHash": "sha256-gf2AmWVTs8lEq7z/3ZAsgnZDhWIckkb+ZnAo5RzSxJg=",
        "owner": "NixOS",
        "repo": "nixpkgs",
        "rev": "a82ccc39b39b621151d6732718e3e250109076fa",
        "type": "github"
      },
      "original": {
        "owner": "NixOS",
        "ref": "nixos-unstable",
        "repo": "nixpkgs",
        "type": "github"
      }
    },
    "nixpkgs_4": {
      "locked": {
        "lastModified": 1770115704,
        "narHash": "sha256-KHFT9UWOF2yRPlAnSXQJh6uVcgNcWlFqqiAZ7OVlHNc=",
        "owner": "NixOS",
        "repo": "nixpkgs",
        "rev": "e6eae2ee2110f3d31110d5c222cd395303343b08",
        "type": "github"
      },
      "original": {
        "owner": "NixOS",
        "ref": "nixos-unstable",
        "repo": "nixpkgs",
        "type": "github"
      }
    },
    "nixpkgs_5": {
      "locked": {
        "lastModified": 1790055231,
        "narHash": "sha256-QpXotokGh5eeMG1Njiuh27oP0rK6t5+cMp7ymXSs7mc=",
        "owner": "NixOS",
        "repo": "nixpkgs",
        "rev": "b6c98e9e6633ee64753b594ff4a5febf0367fc00",
        "type": "github"
      },
      "original": {
        "owner": "NixOS",
        "ref": "nixpkgs-unstable",
        "repo": "nixpkgs",
        "type": "github"
      }
    },
    "nixpkgs_6": {
      "locked": {
        "lastModified": 1766309749,
        "narHash": "sha256-3xY8CZ4rSnQ0NqGhMKAy5vgC+2IVK0NoVEzDoOh4DA4=",
        "owner": "NixOS",
        "repo": "nixpkgs",
        "rev": "a6531044f6d0bef691ea18d4d4ce44d0daa6e816",
        "type": "github"
      },
      "original": {
        "owner": "NixOS",
        "ref": "nixos-unstable",
        "repo": "nixpkgs",
        "type": "github"
      }
    },
    "omp": {
      "flake": false,
      "locked": {
        "lastModified": 1790140608,
        "narHash": "sha256-UlyU3TL5akJhRvDILhgIuh8i2kOGB56H7LquOLIyJvg=",
        "owner": "can1357",
        "repo": "homebrew-tap",
        "rev": "cd5b11fc205fbefdfca10dc184aa1b6f5e2eff64",
        "type": "github"
      },
      "original": {
        "owner": "can1357",
        "repo": "homebrew-tap",
        "type": "github"
      }
    },
    "root": {
      "inputs": {
        "brew-src": "brew-src",
        "catppuccin": "catppuccin",
        "claude-code": "claude-code",
        "darwin": "darwin",
        "ddev": "ddev",
        "flake-utils": "flake-utils",
        "hetzner_k3s": "hetzner_k3s",
        "home-manager": "home-manager",
        "homebrew-bundle": "homebrew-bundle",
        "homebrew-cask": "homebrew-cask",
        "homebrew-core": "homebrew-core",
        "krewfile": "krewfile",
        "mailerlite": "mailerlite",
        "nix-homebrew": "nix-homebrew",
        "nixpkgs": "nixpkgs_5",
        "nixpkgs-stable": "nixpkgs-stable",
        "omp": "omp",
        "sofka": "sofka",
        "talhelper": "talhelper",
        "talosctl": "talosctl"
      }
    },
    "sofka": {
      "inputs": {
        "home-manager": "home-manager_2",
        "nixpkgs": [
          "nixpkgs"
        ]
      },
      "locked": {
        "lastModified": 1790149520,
        "narHash": "sha256-fEy2pZmlfAj2yIRpOFEha56w8Kti2WjXAgfyUIJ7SkI=",
        "owner": "nklmilojevic",
        "repo": "sofka",
        "rev": "5d4533606c8fde0a770cad6b335b85492edbec38",
        "type": "github"
      },
      "original": {
        "owner": "nklmilojevic",
        "repo": "sofka",
        "type": "github"
      }
    },
    "systems": {
      "locked": {
        "lastModified": 1681028828,
        "narHash": "sha256-Vy1rq5AaRuLzOxct8nz4T6wlgyUR7zLU309k9mBC768=",
        "owner": "nix-systems",
        "repo": "default",
        "rev": "da67096a3b9bf56a91d16901293e51ba5b49a27e",
        "type": "github"
      },
      "original": {
        "owner": "nix-systems",
        "repo": "default",
        "type": "github"
      }
    },
    "systems_2": {
      "locked": {
        "lastModified": 1681028828,
        "narHash": "sha256-Vy1rq5AaRuLzOxct8nz4T6wlgyUR7zLU309k9mBC768=",
        "owner": "nix-systems",
        "repo": "default",
        "rev": "da67096a3b9bf56a91d16901293e51ba5b49a27e",
        "type": "github"
      },
      "original": {
        "owner": "nix-systems",
        "repo": "default",
        "type": "github"
      }
    },
    "systems_3": {
      "locked": {
        "lastModified": 1681028828,
        "narHash": "sha256-Vy1rq5AaRuLzOxct8nz4T6wlgyUR7zLU309k9mBC768=",
        "owner": "nix-systems",
        "repo": "default",
        "rev": "da67096a3b9bf56a91d16901293e51ba5b49a27e",
        "type": "github"
      },
      "original": {
        "owner": "nix-systems",
        "repo": "default",
        "type": "github"
      }
    },
    "systems_4": {
      "locked": {
        "lastModified": 1681028828,
        "narHash": "sha256-Vy1rq5AaRuLzOxct8nz4T6wlgyUR7zLU309k9mBC768=",
        "owner": "nix-systems",
        "repo": "default",
        "rev": "da67096a3b9bf56a91d16901293e51ba5b49a27e",
        "type": "github"
      },
      "original": {
        "owner": "nix-systems",
        "repo": "default",
        "type": "github"
      }
    },
    "systems_5": {
      "locked": {
        "lastModified": 1681028828,
        "narHash": "sha256-Vy1rq5AaRuLzOxct8nz4T6wlgyUR7zLU309k9mBC768=",
        "owner": "nix-systems",
        "repo": "default",
        "rev": "da67096a3b9bf56a91d16901293e51ba5b49a27e",
        "type": "github"
      },
      "original": {
        "owner": "nix-systems",
        "repo": "default",
        "type": "github"
      }
    },
    "talhelper": {
      "inputs": {
        "flake-parts": "flake-parts_2",
        "nixpkgs": [
          "nixpkgs"
        ]
      },
      "locked": {
        "lastModified": 1787709719,
        "narHash": "sha256-3Ds5pA2zmDY2vW66k7wrIHnAwnEg5yO+L9CyxGgXX9k=",
        "owner": "budimanjojo",
        "repo": "talhelper",
        "rev": "a40a7695187e3c35a9353a5984709d1d85660f79",
        "type": "github"
      },
      "original": {
        "owner": "budimanjojo",
        "repo": "talhelper",
        "type": "github"
      }
    },
    "talosctl": {
      "inputs": {
        "flake-parts": "flake-parts_3",
        "nixpkgs": "nixpkgs_6"
      },
      "locked": {
        "lastModified": 1789495982,
        "narHash": "sha256-uXsMv+QoBoL1lwJpm5Pez9kH4Akenu0HwFQrOik64Ik=",
        "owner": "nklmilojevic",
        "repo": "talosctl-flake",
        "rev": "43a87c7ce3033a09cb2238469c8e78b0fbdbc60d",
        "type": "github"
      },
      "original": {
        "owner": "nklmilojevic",
        "repo": "talosctl-flake",
        "type": "github"
      }
    }
  },
  "root": "root",
  "version": 7
}
